schema: '2.0'
stages:
  data_ingestion:
    cmd: python src/cnnClassifier/pipeline/stage_01_data_ingestion.py
    deps:
    - path: config/config.yaml
      hash: md5
      md5: 742cf7b13010b47f5f027ea61529ce1a
      size: 622
    - path: src/cnnClassifier/pipeline/stage_01_data_ingestion.py
      hash: md5
      md5: 9a2b192556f8be950b0c7b485f39d6d5
      size: 1001
    outs:
    - path: artifacts/data_ingestion/CT-SCANS
      hash: md5
      md5: 0dff987ded52a728d69cbd87a46ab66b.dir
      size: 12452169
      nfiles: 364
  prepare_base_model:
    cmd: python src/cnnClassifier/pipeline/stage_02_prepare_base_model.py
    deps:
    - path: config/config.yaml
      hash: md5
      md5: 742cf7b13010b47f5f027ea61529ce1a
      size: 622
    - path: src/cnnClassifier/pipeline/stage_02_prepare_base_model.py
      hash: md5
      md5: 4416e3fc1e889e0780efbbe06f3b2749
      size: 968
    params:
      params.yaml:
        CLASSES: 2
        IMAGE_SIZE:
        - 224
        - 224
        - 3
        INCLUDE_TOP: false
        LEARNING_RATE: 0.02
        WEIGHTS: imagenet
    outs:
    - path: artifacts/prepare_base_model
      hash: md5
      md5: fbf4c34094373a7dde035b6517e10c95.dir
      size: 118073528
      nfiles: 2
  model_trainer:
    cmd: python src/cnnClassifier/pipeline/stage_03_model_trainer.py
    deps:
    - path: artifacts/data_ingestion/CT-SCANS
      hash: md5
      md5: 0dff987ded52a728d69cbd87a46ab66b.dir
      size: 12452169
      nfiles: 364
    - path: artifacts/prepare_base_model
      hash: md5
      md5: fbf4c34094373a7dde035b6517e10c95.dir
      size: 118073528
      nfiles: 2
    - path: config/config.yaml
      hash: md5
      md5: 742cf7b13010b47f5f027ea61529ce1a
      size: 622
    - path: src/cnnClassifier/pipeline/stage_03_model_trainer.py
      hash: md5
      md5: 82102a45e720d7ed9c9b763e07574b50
      size: 873
    params:
      params.yaml:
        AUGMENTATION: true
        BATCH_SIZE: 16
        EPOCHS: 1
        IMAGE_SIZE:
        - 224
        - 224
        - 3
    outs:
    - path: artifacts/training/model.h5
      hash: md5
      md5: cc52eda0adea2b32ae549880e5fe1300
      size: 59551256
  model_evaluation:
    cmd: python src/cnnClassifier/pipeline/stage_04_model_evaluation.py
    deps:
    - path: artifacts/data_ingestion/CT-SCANS
      hash: md5
      md5: 0dff987ded52a728d69cbd87a46ab66b.dir
      size: 12452169
      nfiles: 364
    - path: artifacts/training/model.h5
      hash: md5
      md5: cc52eda0adea2b32ae549880e5fe1300
      size: 59551256
    - path: config/config.yaml
      hash: md5
      md5: 742cf7b13010b47f5f027ea61529ce1a
      size: 622
    - path: src/cnnClassifier/pipeline/stage_04_model_evaluation.py
      hash: md5
      md5: fd78c0074c9e63b9a3f60eda73b5818e
      size: 840
    params:
      params.yaml:
        BATCH_SIZE: 16
        IMAGE_SIZE:
        - 224
        - 224
        - 3
    outs:
    - path: scores.json
      hash: md5
      md5: 8cd168a86c939e9e47df55a2566ee5cd
      size: 73
